
Microsoft Visual Studio Solution File, Format Version 12.00
# Visual Studio Version 16
VisualStudioVersion = 16.0.30320.27
MinimumVisualStudioVersion = 10.0.40219.1
Project("{9A19103F-16F7-4668-BE54-9A1E7A4F7556}") = "MovieRecommender", "MovieRecommender\MovieRecommender.csproj", "{DBD08956-57CB-4BB4-8509-EA3CCBAC4DF0}"
EndProject
Project("{FAE04EC0-301F-11D3-BF4B-00C04F79EFBC}") = "MovieRecommenderBlazor", "MovieRecommenderBlazor\MovieRecommenderBlazor.csproj", "{3EC2B645-D41D-4083-B6E6-5FB782DE0021}"
EndProject
Global
	GlobalSection(SolutionConfigurationPlatforms) = preSolution
		Debug|Any CPU = Debug|Any CPU
		Release|Any CPU = Release|Any CPU
	EndGlobalSection
	GlobalSection(ProjectConfigurationPlatforms) = postSolution
		{DBD08956-57CB-4BB4-8509-EA3CCBAC4DF0}.Debug|Any CPU.ActiveCfg = Debug|Any CPU
		{DBD08956-57CB-4BB4-8509-EA3CCBAC4DF0}.Debug|Any CPU.Build.0 = Debug|Any CPU
		{DBD08956-57CB-4BB4-8509-EA3CCBAC4DF0}.Release|Any CPU.ActiveCfg = Release|Any CPU
		{DBD08956-57CB-4BB4-8509-EA3CCBAC4DF0}.Release|Any CPU.Build.0 = Release|Any CPU
		{3EC2B645-D41D-4083-B6E6-5FB782DE0021}.Debug|Any CPU.ActiveCfg = Debug|Any CPU
		{3EC2B645-D41D-4083-B6E6-5FB782DE0021}.Debug|Any CPU.Build.0 = Debug|Any CPU
		{3EC2B645-D41D-4083-B6E6-5FB782DE0021}.Release|Any CPU.ActiveCfg = Release|Any CPU
		{3EC2B645-D41D-4083-B6E6-5FB782DE0021}.Release|Any CPU.Build.0 = Release|Any CPU
	EndGlobalSection
	GlobalSection(SolutionProperties) = preSolution
		HideSolutionNode = FALSE
	EndGlobalSection
	GlobalSection(ExtensibilityGlobals) = postSolution
		SolutionGuid = {EDA48B42-EFF9-4402-BA5E-3594F6B17B5C}
	EndGlobalSection
EndGlobal
